{
  "nodes": {
    "chaotic": {
      "inputs": {
        "flake-schemas": "flake-schemas",
        "home-manager": "home-manager",
        "jovian": "jovian",
        "nixpkgs": "nixpkgs",
        "rust-overlay": "rust-overlay"
      },
      "locked": {
        "lastModified": 1756606761,
        "narHash": "sha256-lcHMwq0LVcS1mP9o0pq00Von8PsXMsFPPo3ZXGWa7DU=",
        "owner": "chaotic-cx",
        "repo": "nyx",
        "rev": "9e9e58125b4ba190658235106858f9733b25a1b4",
        "type": "github"
      },
      "original": {
        "owner": "chaotic-cx",
        "ref": "nyxpkgs-unstable",
        "repo": "nyx",
        "type": "github"
      }
    },
    "flake-compat": {
      "flake": false,
      "locked": {
        "lastModified": 1747046372,
        "narHash": "sha256-CIVLLkVgvHYbgI2UpXvIIBJ12HWgX+fjA8Xf8PUmqCY=",
        "owner": "edolstra",
        "repo": "flake-compat",
        "rev": "9100a0f413b0c601e0533d1d94ffd501ce2e7885",
        "type": "github"
      },
      "original": {
        "owner": "edolstra",
        "repo": "flake-compat",
        "type": "github"
      }
    },
    "flake-schemas": {
      "locked": {
        "lastModified": 1721999734,
        "narHash": "sha256-G5CxYeJVm4lcEtaO87LKzOsVnWeTcHGKbKxNamNWgOw=",
        "rev": "0a5c42297d870156d9c57d8f99e476b738dcd982",
        "revCount": 75,
        "type": "tarball",
        "url": "https://api.flakehub.com/f/pinned/DeterminateSystems/flake-schemas/0.1.5/0190ef2f-61e0-794b-ba14-e82f225e55e6/source.tar.gz"
      },
      "original": {
        "type": "tarball",
        "url": "https://flakehub.com/f/DeterminateSystems/flake-schemas/%3D0.1.5.tar.gz"
      }
    },
    "home-manager": {
      "inputs": {
        "nixpkgs": [
          "chaotic",
          "nixpkgs"
        ]
      },
      "locked": {
        "lastModified": 1756261190,
        "narHash": "sha256-eiy0klFK5EVJLNilutR7grsZN/7Itj9DyD75eyOf83k=",
        "owner": "nix-community",
        "repo": "home-manager",
        "rev": "77f348da3176dc68b20a73dab94852a417daf361",
        "type": "github"
      },
      "original": {
        "owner": "nix-community",
        "repo": "home-manager",
        "type": "github"
      }
    },
    "icedos-apps-0": {
      "locked": {
        "lastModified": 1756723752,
        "narHash": "sha256-r/wnS7SNG/FnWZTT8k9TgPYe+ffjgVXkxQ6SpeN4XAs=",
        "owner": "icedos",
        "repo": "apps",
        "rev": "5b275b01b024effc1cbf4c3e87156f032f1d866f",
        "type": "github"
      },
      "original": {
        "owner": "icedos",
        "repo": "apps",
        "rev": "5b275b01b024effc1cbf4c3e87156f032f1d866f",
        "type": "github"
      }
    },
    "icedos-apps-aagl-aagl": {
      "inputs": {
        "flake-compat": "flake-compat",
        "nixpkgs": [
          "nixpkgs"
        ],
        "rust-overlay": "rust-overlay_2"
      },
      "locked": {
        "lastModified": 1755609725,
        "narHash": "sha256-r0Y5VDxpiA1AJy02VkmeCNudZ8/JJR1OP3ldtfce0ls=",
        "owner": "ezKEa",
        "repo": "aagl-gtk-on-nix",
        "rev": "7566a0bcc55dbfaeb28791c06aa02060cf5bd0bf",
        "type": "github"
      },
      "original": {
        "owner": "ezKEa",
        "repo": "aagl-gtk-on-nix",
        "type": "github"
      }
    },
    "icedos-desktop-0": {
      "locked": {
        "lastModified": 1755699797,
        "narHash": "sha256-7L8GFGkXu5mu7eSVGbLBmG9wRYspeXDRAJ1P/mNWckw=",
        "owner": "icedos",
        "repo": "desktop",
        "rev": "c9a6669a249eddc9cbf019d493b382033561dbed",
        "type": "github"
      },
      "original": {
        "owner": "icedos",
        "repo": "desktop",
        "rev": "c9a6669a249eddc9cbf019d493b382033561dbed",
        "type": "github"
      }
    },
    "icedos-gnome-0": {
      "locked": {
        "lastModified": 1755631296,
        "narHash": "sha256-jVDbY4CYqMum5XDgEJSGe1KOuf1N8fCNJcHJrvpC+s8=",
        "owner": "icedos",
        "repo": "gnome",
        "rev": "9a908d425c6db87665c90ef472a2858fc31167b3",
        "type": "github"
      },
      "original": {
        "owner": "icedos",
        "repo": "gnome",
        "rev": "9a908d425c6db87665c90ef472a2858fc31167b3",
        "type": "github"
      }
    },
    "icedos-hardware-0": {
      "locked": {
        "lastModified": 1756418717,
        "narHash": "sha256-DguixcuOEtCJ8udO2A+oXMudyGQmS/wxKLuF8vYThs4=",
        "owner": "icedos",
        "repo": "hardware",
        "rev": "613fb486fe2223e8c11c91cbeedb38514c6e90cf",
        "type": "github"
      },
      "original": {
        "owner": "icedos",
        "repo": "hardware",
        "rev": "613fb486fe2223e8c11c91cbeedb38514c6e90cf",
        "type": "github"
      }
    },
    "icedos-providers-0": {
      "locked": {
        "lastModified": 1755401541,
        "narHash": "sha256-FMEi0m8FxmLllBn2CtLqwqmYsgryaiGwPsuZxFw7sIE=",
        "owner": "icedos",
        "repo": "providers",
        "rev": "1273fe1a4086fbe2a84436ca1acb350a0020a410",
        "type": "github"
      },
      "original": {
        "owner": "icedos",
        "repo": "providers",
        "rev": "1273fe1a4086fbe2a84436ca1acb350a0020a410",
        "type": "github"
      }
    },
    "icedos-tweaks-0": {
      "locked": {
        "lastModified": 1754974764,
        "narHash": "sha256-lQbWKdDNMsBFmuSKaXaNd8ErG6gdVAYFeH9EOFCcOxw=",
        "owner": "icedos",
        "repo": "tweaks",
        "rev": "83d42744d78c418a259b8e1c4ae7eba1d3e9eaf5",
        "type": "github"
      },
      "original": {
        "owner": "icedos",
        "repo": "tweaks",
        "rev": "83d42744d78c418a259b8e1c4ae7eba1d3e9eaf5",
        "type": "github"
      }
    },
    "icedos-users-0": {
      "locked": {
        "lastModified": 1755402149,
        "narHash": "sha256-t1RrCa7ez13ZiB8LTVmrc69ZasYqoJXwMhuS8uXT37A=",
        "owner": "icedos",
        "repo": "users",
        "rev": "9ddc3663045cd05e7df3d99844b4b640741fe667",
        "type": "github"
      },
      "original": {
        "owner": "icedos",
        "repo": "users",
        "rev": "9ddc3663045cd05e7df3d99844b4b640741fe667",
        "type": "github"
      }
    },
    "jovian": {
      "inputs": {
        "nix-github-actions": "nix-github-actions",
        "nixpkgs": [
          "chaotic",
          "nixpkgs"
        ]
      },
      "locked": {
        "lastModified": 1756201372,
        "narHash": "sha256-bK5j5cwJgO5AZXlDl5AgISzpOv9YV1Fcv2nDr9RW/5o=",
        "owner": "Jovian-Experiments",
        "repo": "Jovian-NixOS",
        "rev": "9f6745bd704ab7f2617d41c2b02f4fd5f9ed0e89",
        "type": "github"
      },
      "original": {
        "owner": "Jovian-Experiments",
        "repo": "Jovian-NixOS",
        "type": "github"
      }
    },
    "nix-github-actions": {
      "inputs": {
        "nixpkgs": [
          "chaotic",
          "jovian",
          "nixpkgs"
        ]
      },
      "locked": {
        "lastModified": 1729697500,
        "narHash": "sha256-VFTWrbzDlZyFHHb1AlKRiD/qqCJIripXKiCSFS8fAOY=",
        "owner": "zhaofengli",
        "repo": "nix-github-actions",
        "rev": "e418aeb728b6aa5ca8c5c71974e7159c2df1d8cf",
        "type": "github"
      },
      "original": {
        "owner": "zhaofengli",
        "ref": "matrix-name",
        "repo": "nix-github-actions",
        "type": "github"
      }
    },
    "nixpkgs": {
      "locked": {
        "lastModified": 1756542300,
        "narHash": "sha256-tlOn88coG5fzdyqz6R93SQL5Gpq+m/DsWpekNFhqPQk=",
        "owner": "NixOS",
        "repo": "nixpkgs",
        "rev": "d7600c775f877cd87b4f5a831c28aa94137377aa",
        "type": "github"
      },
      "original": {
        "owner": "NixOS",
        "ref": "nixos-unstable",
        "repo": "nixpkgs",
        "type": "github"
      }
    },
    "nixpkgs_2": {
      "locked": {
        "lastModified": 1744536153,
        "narHash": "sha256-awS2zRgF4uTwrOKwwiJcByDzDOdo3Q1rPZbiHQg/N38=",
        "owner": "NixOS",
        "repo": "nixpkgs",
        "rev": "18dd725c29603f582cf1900e0d25f9f1063dbf11",
        "type": "github"
      },
      "original": {
        "owner": "NixOS",
        "ref": "nixpkgs-unstable",
        "repo": "nixpkgs",
        "type": "github"
      }
    },
    "root": {
      "inputs": {
        "chaotic": "chaotic",
        "home-manager": [
          "chaotic",
          "home-manager"
        ],
        "icedos-apps-0": "icedos-apps-0",
        "icedos-apps-aagl-aagl": "icedos-apps-aagl-aagl",
        "icedos-desktop-0": "icedos-desktop-0",
        "icedos-gnome-0": "icedos-gnome-0",
        "icedos-hardware-0": "icedos-hardware-0",
        "icedos-providers-0": "icedos-providers-0",
        "icedos-tweaks-0": "icedos-tweaks-0",
        "icedos-users-0": "icedos-users-0",
        "nixpkgs": [
          "chaotic",
          "nixpkgs"
        ]
      }
    },
    "rust-overlay": {
      "inputs": {
        "nixpkgs": [
          "chaotic",
          "nixpkgs"
        ]
      },
      "locked": {
        "lastModified": 1756434910,
        "narHash": "sha256-5UJRyxZ8QCm+pgh5pNHXFJMmopMqHVraUhRA1g2AmA0=",
        "owner": "oxalica",
        "repo": "rust-overlay",
        "rev": "86e5140961c91a9ee1dde1c17d18a787d44ceef8",
        "type": "github"
      },
      "original": {
        "owner": "oxalica",
        "repo": "rust-overlay",
        "type": "github"
      }
    },
    "rust-overlay_2": {
      "inputs": {
        "nixpkgs": "nixpkgs_2"
      },
      "locked": {
        "lastModified": 1754575663,
        "narHash": "sha256-afOx8AG0KYtw7mlt6s6ahBBy7eEHZwws3iCRoiuRQS4=",
        "owner": "oxalica",
        "repo": "rust-overlay",
        "rev": "6db0fb0e9cec2e9729dc52bf4898e6c135bb8a0f",
        "type": "github"
      },
      "original": {
        "owner": "oxalica",
        "repo": "rust-overlay",
        "type": "github"
      }
    }
  },
  "root": "root",
  "version": 7
}
