{
  "nodes": {
    "chaotic": {
      "inputs": {
        "flake-schemas": "flake-schemas",
        "home-manager": "home-manager",
        "jovian": "jovian",
        "nixpkgs": "nixpkgs",
        "rust-overlay": "rust-overlay"
      },
      "locked": {
        "lastModified": 1758642505,
        "narHash": "sha256-056XfEHlYdBKU2RtN4R+9m2nzL588TCZ8AsIviWONRg=",
        "owner": "chaotic-cx",
        "repo": "nyx",
        "rev": "0fe60fa161631289a051fef36dfaab28465ddc7b",
        "type": "github"
      },
      "original": {
        "owner": "chaotic-cx",
        "ref": "nyxpkgs-unstable",
        "repo": "nyx",
        "type": "github"
      }
    },
    "flake-compat": {
      "flake": false,
      "locked": {
        "lastModified": 1747046372,
        "narHash": "sha256-CIVLLkVgvHYbgI2UpXvIIBJ12HWgX+fjA8Xf8PUmqCY=",
        "owner": "edolstra",
        "repo": "flake-compat",
        "rev": "9100a0f413b0c601e0533d1d94ffd501ce2e7885",
        "type": "github"
      },
      "original": {
        "owner": "edolstra",
        "repo": "flake-compat",
        "type": "github"
      }
    },
    "flake-schemas": {
      "locked": {
        "lastModified": 1721999734,
        "narHash": "sha256-G5CxYeJVm4lcEtaO87LKzOsVnWeTcHGKbKxNamNWgOw=",
        "rev": "0a5c42297d870156d9c57d8f99e476b738dcd982",
        "revCount": 75,
        "type": "tarball",
        "url": "https://api.flakehub.com/f/pinned/DeterminateSystems/flake-schemas/0.1.5/0190ef2f-61e0-794b-ba14-e82f225e55e6/source.tar.gz"
      },
      "original": {
        "type": "tarball",
        "url": "https://flakehub.com/f/DeterminateSystems/flake-schemas/%3D0.1.5.tar.gz"
      }
    },
    "home-manager": {
      "inputs": {
        "nixpkgs": [
          "chaotic",
          "nixpkgs"
        ]
      },
      "locked": {
        "lastModified": 1758464306,
        "narHash": "sha256-i56XRXqjwJRdVYmpzVUQ0ktqBBHqNzQHQMQvFRF/acQ=",
        "owner": "nix-community",
        "repo": "home-manager",
        "rev": "939e91e1cff1f99736c5b02529658218ed819a2a",
        "type": "github"
      },
      "original": {
        "owner": "nix-community",
        "repo": "home-manager",
        "type": "github"
      }
    },
    "icedos-apps-0": {
      "locked": {
        "lastModified": 1758731848,
        "narHash": "sha256-M5GPAzXH3FJu3OD+Al0Vl/G5awHaooOas+ddsK1IMg4=",
        "owner": "icedos",
        "repo": "apps",
        "rev": "2410562ca0e593c732776fcd4728161fa6737cdf",
        "type": "github"
      },
      "original": {
        "owner": "icedos",
        "repo": "apps",
        "rev": "2410562ca0e593c732776fcd4728161fa6737cdf",
        "type": "github"
      }
    },
    "icedos-apps-aagl-aagl": {
      "inputs": {
        "flake-compat": "flake-compat",
        "nixpkgs": [
          "nixpkgs"
        ],
        "rust-overlay": "rust-overlay_2"
      },
      "locked": {
        "lastModified": 1758557465,
        "narHash": "sha256-SeDqOZQoARl/xxEMdej09IScCf77SEQfRAjED7lBgMY=",
        "owner": "ezKEa",
        "repo": "aagl-gtk-on-nix",
        "rev": "944f9903859ad16db762fbe573fb6f05f7367e16",
        "type": "github"
      },
      "original": {
        "owner": "ezKEa",
        "repo": "aagl-gtk-on-nix",
        "type": "github"
      }
    },
    "icedos-desktop-0": {
      "locked": {
        "lastModified": 1755699797,
        "narHash": "sha256-7L8GFGkXu5mu7eSVGbLBmG9wRYspeXDRAJ1P/mNWckw=",
        "owner": "icedos",
        "repo": "desktop",
        "rev": "c9a6669a249eddc9cbf019d493b382033561dbed",
        "type": "github"
      },
      "original": {
        "owner": "icedos",
        "repo": "desktop",
        "rev": "c9a6669a249eddc9cbf019d493b382033561dbed",
        "type": "github"
      }
    },
    "icedos-gnome-0": {
      "locked": {
        "lastModified": 1755631296,
        "narHash": "sha256-jVDbY4CYqMum5XDgEJSGe1KOuf1N8fCNJcHJrvpC+s8=",
        "owner": "icedos",
        "repo": "gnome",
        "rev": "9a908d425c6db87665c90ef472a2858fc31167b3",
        "type": "github"
      },
      "original": {
        "owner": "icedos",
        "repo": "gnome",
        "rev": "9a908d425c6db87665c90ef472a2858fc31167b3",
        "type": "github"
      }
    },
    "icedos-hardware-0": {
      "locked": {
        "lastModified": 1758225757,
        "narHash": "sha256-I41NWovoD191XbbdaChIrBqnXASqA5Am9fdQpR8O4O8=",
        "owner": "icedos",
        "repo": "hardware",
        "rev": "adadadabb78a0206aa709e0f1755fd2e89cb3f45",
        "type": "github"
      },
      "original": {
        "owner": "icedos",
        "repo": "hardware",
        "rev": "adadadabb78a0206aa709e0f1755fd2e89cb3f45",
        "type": "github"
      }
    },
    "icedos-providers-0": {
      "locked": {
        "lastModified": 1755401541,
        "narHash": "sha256-FMEi0m8FxmLllBn2CtLqwqmYsgryaiGwPsuZxFw7sIE=",
        "owner": "icedos",
        "repo": "providers",
        "rev": "1273fe1a4086fbe2a84436ca1acb350a0020a410",
        "type": "github"
      },
      "original": {
        "owner": "icedos",
        "repo": "providers",
        "rev": "1273fe1a4086fbe2a84436ca1acb350a0020a410",
        "type": "github"
      }
    },
    "icedos-tweaks-0": {
      "locked": {
        "lastModified": 1754974764,
        "narHash": "sha256-lQbWKdDNMsBFmuSKaXaNd8ErG6gdVAYFeH9EOFCcOxw=",
        "owner": "icedos",
        "repo": "tweaks",
        "rev": "83d42744d78c418a259b8e1c4ae7eba1d3e9eaf5",
        "type": "github"
      },
      "original": {
        "owner": "icedos",
        "repo": "tweaks",
        "rev": "83d42744d78c418a259b8e1c4ae7eba1d3e9eaf5",
        "type": "github"
      }
    },
    "icedos-users-0": {
      "locked": {
        "lastModified": 1755402149,
        "narHash": "sha256-t1RrCa7ez13ZiB8LTVmrc69ZasYqoJXwMhuS8uXT37A=",
        "owner": "icedos",
        "repo": "users",
        "rev": "9ddc3663045cd05e7df3d99844b4b640741fe667",
        "type": "github"
      },
      "original": {
        "owner": "icedos",
        "repo": "users",
        "rev": "9ddc3663045cd05e7df3d99844b4b640741fe667",
        "type": "github"
      }
    },
    "jovian": {
      "inputs": {
        "nix-github-actions": "nix-github-actions",
        "nixpkgs": [
          "chaotic",
          "nixpkgs"
        ]
      },
      "locked": {
        "lastModified": 1757230583,
        "narHash": "sha256-4uqu7sFPOaVTCogsxaGMgbzZ2vK40GVGMfUmrvK3/LY=",
        "owner": "Jovian-Experiments",
        "repo": "Jovian-NixOS",
        "rev": "fc3960e6c32c9d4f95fff2ef84444284d24d3bea",
        "type": "github"
      },
      "original": {
        "owner": "Jovian-Experiments",
        "repo": "Jovian-NixOS",
        "type": "github"
      }
    },
    "nix-github-actions": {
      "inputs": {
        "nixpkgs": [
          "chaotic",
          "jovian",
          "nixpkgs"
        ]
      },
      "locked": {
        "lastModified": 1729697500,
        "narHash": "sha256-VFTWrbzDlZyFHHb1AlKRiD/qqCJIripXKiCSFS8fAOY=",
        "owner": "zhaofengli",
        "repo": "nix-github-actions",
        "rev": "e418aeb728b6aa5ca8c5c71974e7159c2df1d8cf",
        "type": "github"
      },
      "original": {
        "owner": "zhaofengli",
        "ref": "matrix-name",
        "repo": "nix-github-actions",
        "type": "github"
      }
    },
    "nixpkgs": {
      "locked": {
        "lastModified": 1758633633,
        "narHash": "sha256-20FVSEcXWV0P1A/1EDMUH7UVFvktg/ltBNqHJmoQTO8=",
        "owner": "PedroHLC",
        "repo": "nixpkgs",
        "rev": "36740bcdb7ea5625132575da3c627032b812c236",
        "type": "github"
      },
      "original": {
        "owner": "NixOS",
        "ref": "nixos-unstable",
        "repo": "nixpkgs",
        "type": "github"
      }
    },
    "nixpkgs_2": {
      "locked": {
        "lastModified": 1744536153,
        "narHash": "sha256-awS2zRgF4uTwrOKwwiJcByDzDOdo3Q1rPZbiHQg/N38=",
        "owner": "NixOS",
        "repo": "nixpkgs",
        "rev": "18dd725c29603f582cf1900e0d25f9f1063dbf11",
        "type": "github"
      },
      "original": {
        "owner": "NixOS",
        "ref": "nixpkgs-unstable",
        "repo": "nixpkgs",
        "type": "github"
      }
    },
    "root": {
      "inputs": {
        "chaotic": "chaotic",
        "home-manager": [
          "chaotic",
          "home-manager"
        ],
        "icedos-apps-0": "icedos-apps-0",
        "icedos-apps-aagl-aagl": "icedos-apps-aagl-aagl",
        "icedos-desktop-0": "icedos-desktop-0",
        "icedos-gnome-0": "icedos-gnome-0",
        "icedos-hardware-0": "icedos-hardware-0",
        "icedos-providers-0": "icedos-providers-0",
        "icedos-tweaks-0": "icedos-tweaks-0",
        "icedos-users-0": "icedos-users-0",
        "nixpkgs": [
          "chaotic",
          "nixpkgs"
        ]
      }
    },
    "rust-overlay": {
      "inputs": {
        "nixpkgs": [
          "chaotic",
          "nixpkgs"
        ]
      },
      "locked": {
        "lastModified": 1758422215,
        "narHash": "sha256-JvF5SXhp1wBHbfEVAWgJCDVSO8iknfDqXfqMch5YWg0=",
        "owner": "oxalica",
        "repo": "rust-overlay",
        "rev": "6f3988eb5885f1e2efa874a480d91de09a7f9f0b",
        "type": "github"
      },
      "original": {
        "owner": "oxalica",
        "repo": "rust-overlay",
        "type": "github"
      }
    },
    "rust-overlay_2": {
      "inputs": {
        "nixpkgs": "nixpkgs_2"
      },
      "locked": {
        "lastModified": 1758508617,
        "narHash": "sha256-kx2uELmVnAbiekj/YFfWR26OXqXedImkhe2ocnbumTA=",
        "owner": "oxalica",
        "repo": "rust-overlay",
        "rev": "d2bac276ac7e669a1f09c48614538a37e3eb6d0f",
        "type": "github"
      },
      "original": {
        "owner": "oxalica",
        "repo": "rust-overlay",
        "type": "github"
      }
    }
  },
  "root": "root",
  "version": 7
}
