{
  "nodes": {
    "chaotic": {
      "inputs": {
        "flake-schemas": "flake-schemas",
        "home-manager": "home-manager",
        "jovian": "jovian",
        "nixpkgs": "nixpkgs",
        "rust-overlay": "rust-overlay"
      },
      "locked": {
        "lastModified": 1760747305,
        "narHash": "sha256-SsuuyaFp4TbJ+ofti9EXot9gIOk4vZqccat/zERVQN4=",
        "owner": "chaotic-cx",
        "repo": "nyx",
        "rev": "9838e14b30857ac0a50dbe98a5ba2233d6ccb2de",
        "type": "github"
      },
      "original": {
        "owner": "chaotic-cx",
        "ref": "nyxpkgs-unstable",
        "repo": "nyx",
        "type": "github"
      }
    },
    "flake-compat": {
      "flake": false,
      "locked": {
        "lastModified": 1747046372,
        "narHash": "sha256-CIVLLkVgvHYbgI2UpXvIIBJ12HWgX+fjA8Xf8PUmqCY=",
        "owner": "edolstra",
        "repo": "flake-compat",
        "rev": "9100a0f413b0c601e0533d1d94ffd501ce2e7885",
        "type": "github"
      },
      "original": {
        "owner": "edolstra",
        "repo": "flake-compat",
        "type": "github"
      }
    },
    "flake-schemas": {
      "locked": {
        "lastModified": 1721999734,
        "narHash": "sha256-G5CxYeJVm4lcEtaO87LKzOsVnWeTcHGKbKxNamNWgOw=",
        "rev": "0a5c42297d870156d9c57d8f99e476b738dcd982",
        "revCount": 75,
        "type": "tarball",
        "url": "https://api.flakehub.com/f/pinned/DeterminateSystems/flake-schemas/0.1.5/0190ef2f-61e0-794b-ba14-e82f225e55e6/source.tar.gz"
      },
      "original": {
        "type": "tarball",
        "url": "https://flakehub.com/f/DeterminateSystems/flake-schemas/%3D0.1.5.tar.gz"
      }
    },
    "home-manager": {
      "inputs": {
        "nixpkgs": [
          "chaotic",
          "nixpkgs"
        ]
      },
      "locked": {
        "lastModified": 1760662441,
        "narHash": "sha256-mlDqR1Ntgs9uYYEAUR1IhamKBO0lxoNS4zGLzEZaY0A=",
        "owner": "nix-community",
        "repo": "home-manager",
        "rev": "722792af097dff5790f1a66d271a47759f477755",
        "type": "github"
      },
      "original": {
        "owner": "nix-community",
        "repo": "home-manager",
        "type": "github"
      }
    },
    "icedos-apps-0": {
      "locked": {
        "lastModified": 1760816099,
        "narHash": "sha256-nqil1Z6tw1L73/CK81RrPndOCCKe0kWhT8LvWndv6f0=",
        "owner": "icedos",
        "repo": "apps",
        "rev": "670f416671d23736273325968847a4ae65ae6ae2",
        "type": "github"
      },
      "original": {
        "owner": "icedos",
        "repo": "apps",
        "rev": "670f416671d23736273325968847a4ae65ae6ae2",
        "type": "github"
      }
    },
    "icedos-apps-aagl-aagl": {
      "inputs": {
        "flake-compat": "flake-compat",
        "nixpkgs": [
          "nixpkgs"
        ],
        "rust-overlay": "rust-overlay_2"
      },
      "locked": {
        "lastModified": 1759319421,
        "narHash": "sha256-45yE92tDGtCX/vdyUuD3ckCqyZ3pwP0yrTorjvL80fc=",
        "owner": "ezKEa",
        "repo": "aagl-gtk-on-nix",
        "rev": "37bf87881ae7a68bccdd383fef345c748a23d3b7",
        "type": "github"
      },
      "original": {
        "owner": "ezKEa",
        "repo": "aagl-gtk-on-nix",
        "type": "github"
      }
    },
    "icedos-desktop-0": {
      "locked": {
        "lastModified": 1759337333,
        "narHash": "sha256-FDQgHXJfXctKVk6xYP/eTuWkOLuQHRy5jSYK1ljGKyA=",
        "owner": "icedos",
        "repo": "desktop",
        "rev": "d26f0fdbb23bf7fb81ffd0a57b44649588034e6b",
        "type": "github"
      },
      "original": {
        "owner": "icedos",
        "repo": "desktop",
        "rev": "d26f0fdbb23bf7fb81ffd0a57b44649588034e6b",
        "type": "github"
      }
    },
    "icedos-gnome-0": {
      "locked": {
        "lastModified": 1759536539,
        "narHash": "sha256-RivxQdT9YMh+a+IdUcOXCD/RNXxDak/ij6jsN6ghZnM=",
        "owner": "icedos",
        "repo": "gnome",
        "rev": "16a6fc3084ea50e611bcef13a01a885fbb19016d",
        "type": "github"
      },
      "original": {
        "owner": "icedos",
        "repo": "gnome",
        "rev": "16a6fc3084ea50e611bcef13a01a885fbb19016d",
        "type": "github"
      }
    },
    "icedos-hardware-0": {
      "locked": {
        "lastModified": 1759963378,
        "narHash": "sha256-7+oZJyWtqCis3R2i6SazFG6yITLZ0SPNQVpewu+8gZ0=",
        "owner": "icedos",
        "repo": "hardware",
        "rev": "cd03974bfac4213f4ea84a1ec5b72bd283af9ea8",
        "type": "github"
      },
      "original": {
        "owner": "icedos",
        "repo": "hardware",
        "rev": "cd03974bfac4213f4ea84a1ec5b72bd283af9ea8",
        "type": "github"
      }
    },
    "icedos-providers-0": {
      "locked": {
        "lastModified": 1755401541,
        "narHash": "sha256-FMEi0m8FxmLllBn2CtLqwqmYsgryaiGwPsuZxFw7sIE=",
        "owner": "icedos",
        "repo": "providers",
        "rev": "1273fe1a4086fbe2a84436ca1acb350a0020a410",
        "type": "github"
      },
      "original": {
        "owner": "icedos",
        "repo": "providers",
        "rev": "1273fe1a4086fbe2a84436ca1acb350a0020a410",
        "type": "github"
      }
    },
    "icedos-tweaks-0": {
      "locked": {
        "lastModified": 1754974764,
        "narHash": "sha256-lQbWKdDNMsBFmuSKaXaNd8ErG6gdVAYFeH9EOFCcOxw=",
        "owner": "icedos",
        "repo": "tweaks",
        "rev": "83d42744d78c418a259b8e1c4ae7eba1d3e9eaf5",
        "type": "github"
      },
      "original": {
        "owner": "icedos",
        "repo": "tweaks",
        "rev": "83d42744d78c418a259b8e1c4ae7eba1d3e9eaf5",
        "type": "github"
      }
    },
    "icedos-users-0": {
      "locked": {
        "lastModified": 1755402149,
        "narHash": "sha256-t1RrCa7ez13ZiB8LTVmrc69ZasYqoJXwMhuS8uXT37A=",
        "owner": "icedos",
        "repo": "users",
        "rev": "9ddc3663045cd05e7df3d99844b4b640741fe667",
        "type": "github"
      },
      "original": {
        "owner": "icedos",
        "repo": "users",
        "rev": "9ddc3663045cd05e7df3d99844b4b640741fe667",
        "type": "github"
      }
    },
    "jovian": {
      "inputs": {
        "nix-github-actions": "nix-github-actions",
        "nixpkgs": [
          "chaotic",
          "nixpkgs"
        ]
      },
      "locked": {
        "lastModified": 1760534924,
        "narHash": "sha256-OIOCC86DxTxp1VG7xAiM+YABtVqp6vTkYIoAiGQMqso=",
        "owner": "Jovian-Experiments",
        "repo": "Jovian-NixOS",
        "rev": "100b4e000032b865563a9754e5bca189bc544764",
        "type": "github"
      },
      "original": {
        "owner": "Jovian-Experiments",
        "repo": "Jovian-NixOS",
        "type": "github"
      }
    },
    "nix-github-actions": {
      "inputs": {
        "nixpkgs": [
          "chaotic",
          "jovian",
          "nixpkgs"
        ]
      },
      "locked": {
        "lastModified": 1729697500,
        "narHash": "sha256-VFTWrbzDlZyFHHb1AlKRiD/qqCJIripXKiCSFS8fAOY=",
        "owner": "zhaofengli",
        "repo": "nix-github-actions",
        "rev": "e418aeb728b6aa5ca8c5c71974e7159c2df1d8cf",
        "type": "github"
      },
      "original": {
        "owner": "zhaofengli",
        "ref": "matrix-name",
        "repo": "nix-github-actions",
        "type": "github"
      }
    },
    "nixpkgs": {
      "locked": {
        "lastModified": 1760703608,
        "narHash": "sha256-MMIIShabm9KnYTmm0WbJ2h+jxI86gfE7NcByVOaBNNU=",
        "owner": "PedroHLC",
        "repo": "nixpkgs",
        "rev": "95d8e5f411dc2fcc7f73a72766aaabfab1a1c456",
        "type": "github"
      },
      "original": {
        "owner": "NixOS",
        "ref": "nixos-unstable",
        "repo": "nixpkgs",
        "type": "github"
      }
    },
    "nixpkgs_2": {
      "locked": {
        "lastModified": 1744536153,
        "narHash": "sha256-awS2zRgF4uTwrOKwwiJcByDzDOdo3Q1rPZbiHQg/N38=",
        "owner": "NixOS",
        "repo": "nixpkgs",
        "rev": "18dd725c29603f582cf1900e0d25f9f1063dbf11",
        "type": "github"
      },
      "original": {
        "owner": "NixOS",
        "ref": "nixpkgs-unstable",
        "repo": "nixpkgs",
        "type": "github"
      }
    },
    "root": {
      "inputs": {
        "chaotic": "chaotic",
        "home-manager": [
          "chaotic",
          "home-manager"
        ],
        "icedos-apps-0": "icedos-apps-0",
        "icedos-apps-aagl-aagl": "icedos-apps-aagl-aagl",
        "icedos-desktop-0": "icedos-desktop-0",
        "icedos-gnome-0": "icedos-gnome-0",
        "icedos-hardware-0": "icedos-hardware-0",
        "icedos-providers-0": "icedos-providers-0",
        "icedos-tweaks-0": "icedos-tweaks-0",
        "icedos-users-0": "icedos-users-0",
        "nixpkgs": [
          "chaotic",
          "nixpkgs"
        ]
      }
    },
    "rust-overlay": {
      "inputs": {
        "nixpkgs": [
          "chaotic",
          "nixpkgs"
        ]
      },
      "locked": {
        "lastModified": 1760668505,
        "narHash": "sha256-Ed0cGwPZtLRiSvMx4KgPx8bhLYzn5jiJ7s5o5vj4oG0=",
        "owner": "oxalica",
        "repo": "rust-overlay",
        "rev": "18234d2c11b10eaec9ccc3a1089a5ea872ec8858",
        "type": "github"
      },
      "original": {
        "owner": "oxalica",
        "repo": "rust-overlay",
        "type": "github"
      }
    },
    "rust-overlay_2": {
      "inputs": {
        "nixpkgs": "nixpkgs_2"
      },
      "locked": {
        "lastModified": 1759199574,
        "narHash": "sha256-w24RYly3VSVKp98rVfCI1nFYfQ0VoWmShtKPCbXgK6A=",
        "owner": "oxalica",
        "repo": "rust-overlay",
        "rev": "381776b12d0d125edd7c1930c2041a1471e586c0",
        "type": "github"
      },
      "original": {
        "owner": "oxalica",
        "repo": "rust-overlay",
        "type": "github"
      }
    }
  },
  "root": "root",
  "version": 7
}
